
Microsoft Visual Studio Solution File, Format Version 12.00
# Visual Studio 2012
Project("{FAE04EC0-301F-11D3-BF4B-00C04F79EFBC}") = "EntryPass", "EntryPass\EntryPass.csproj", "{B62535AB-8057-49CA-A9D8-25DCB6221A55}"
EndProject
Project("{FAE04EC0-301F-11D3-BF4B-00C04F79EFBC}") = "Business_DataLayer", "Business_DataLayer\Business_DataLayer.csproj", "{A3602B29-79A7-4CD9-9A16-70AAEDF11EEE}"
EndProject
Project("{FAE04EC0-301F-11D3-BF4B-00C04F79EFBC}") = "Business_Layer", "Business_Layer\Business_Layer.csproj", "{7D6F8AF9-AFFC-416C-A665-3790F2DE4349}"
EndProject
Project("{FAE04EC0-301F-11D3-BF4B-00C04F79EFBC}") = "Business_ObjectLayer", "Business_ObjectLayer\Business_ObjectLayer.csproj", "{DF59F839-19A4-4405-BA49-FD9E53359ADB}"
EndProject
Global
	GlobalSection(SolutionConfigurationPlatforms) = preSolution
		Debug|Any CPU = Debug|Any CPU
		Release|Any CPU = Release|Any CPU
	EndGlobalSection
	GlobalSection(ProjectConfigurationPlatforms) = postSolution
		{B62535AB-8057-49CA-A9D8-25DCB6221A55}.Debug|Any CPU.ActiveCfg = Debug|Any CPU
		{B62535AB-8057-49CA-A9D8-25DCB6221A55}.Debug|Any CPU.Build.0 = Debug|Any CPU
		{B62535AB-8057-49CA-A9D8-25DCB6221A55}.Release|Any CPU.ActiveCfg = Release|Any CPU
		{B62535AB-8057-49CA-A9D8-25DCB6221A55}.Release|Any CPU.Build.0 = Release|Any CPU
		{A3602B29-79A7-4CD9-9A16-70AAEDF11EEE}.Debug|Any CPU.ActiveCfg = Debug|Any CPU
		{A3602B29-79A7-4CD9-9A16-70AAEDF11EEE}.Debug|Any CPU.Build.0 = Debug|Any CPU
		{A3602B29-79A7-4CD9-9A16-70AAEDF11EEE}.Release|Any CPU.ActiveCfg = Release|Any CPU
		{A3602B29-79A7-4CD9-9A16-70AAEDF11EEE}.Release|Any CPU.Build.0 = Release|Any CPU
		{7D6F8AF9-AFFC-416C-A665-3790F2DE4349}.Debug|Any CPU.ActiveCfg = Debug|Any CPU
		{7D6F8AF9-AFFC-416C-A665-3790F2DE4349}.Debug|Any CPU.Build.0 = Debug|Any CPU
		{7D6F8AF9-AFFC-416C-A665-3790F2DE4349}.Release|Any CPU.ActiveCfg = Release|Any CPU
		{7D6F8AF9-AFFC-416C-A665-3790F2DE4349}.Release|Any CPU.Build.0 = Release|Any CPU
		{DF59F839-19A4-4405-BA49-FD9E53359ADB}.Debug|Any CPU.ActiveCfg = Debug|Any CPU
		{DF59F839-19A4-4405-BA49-FD9E53359ADB}.Debug|Any CPU.Build.0 = Debug|Any CPU
		{DF59F839-19A4-4405-BA49-FD9E53359ADB}.Release|Any CPU.ActiveCfg = Release|Any CPU
		{DF59F839-19A4-4405-BA49-FD9E53359ADB}.Release|Any CPU.Build.0 = Release|Any CPU
	EndGlobalSection
	GlobalSection(SolutionProperties) = preSolution
		HideSolutionNode = FALSE
	EndGlobalSection
EndGlobal
